
Microsoft Visual Studio Solution File, Format Version 12.00
# Visual Studio 2012
Project("{FAE04EC0-301F-11D3-BF4B-00C04F79EFBC}") = "GeoMapxBusiness", "GeoMapxBusiness\GeoMapxBusiness.csproj", "{12AA68B6-5EBE-497B-AE7A-83275221EC77}"
EndProject
Project("{FAE04EC0-301F-11D3-BF4B-00C04F79EFBC}") = "GeoMapx.Web", "GeoMapx.Web\GeoMapx.Web.csproj", "{BD58B9C0-7542-4AA2-AD00-8B74D71AD470}"
EndProject
Project("{F14B399A-7131-4C87-9E4B-1186C45EF12D}") = "GeoMapx.Reports", "GeoMapx.Reports\GeoMapx.Reports\GeoMapx.Reports.rptproj", "{6D401695-13ED-4E7D-864C-BE6EA7B6D95C}"
EndProject
Project("{FAE04EC0-301F-11D3-BF4B-00C04F79EFBC}") = "GeoMapx.FormTest", "GeoMapx.FormTest\GeoMapx.FormTest.csproj", "{99151DD2-E275-431A-979C-729B2C143D2F}"
EndProject
Global
	GlobalSection(SolutionConfigurationPlatforms) = preSolution
		Debug|Any CPU = Debug|Any CPU
		DebugLocal|Any CPU = DebugLocal|Any CPU
		Release|Any CPU = Release|Any CPU
	EndGlobalSection
	GlobalSection(ProjectConfigurationPlatforms) = postSolution
		{12AA68B6-5EBE-497B-AE7A-83275221EC77}.Debug|Any CPU.ActiveCfg = Debug|Any CPU
		{12AA68B6-5EBE-497B-AE7A-83275221EC77}.Debug|Any CPU.Build.0 = Debug|Any CPU
		{12AA68B6-5EBE-497B-AE7A-83275221EC77}.DebugLocal|Any CPU.ActiveCfg = Debug|Any CPU
		{12AA68B6-5EBE-497B-AE7A-83275221EC77}.DebugLocal|Any CPU.Build.0 = Debug|Any CPU
		{12AA68B6-5EBE-497B-AE7A-83275221EC77}.Release|Any CPU.ActiveCfg = Release|Any CPU
		{12AA68B6-5EBE-497B-AE7A-83275221EC77}.Release|Any CPU.Build.0 = Release|Any CPU
		{BD58B9C0-7542-4AA2-AD00-8B74D71AD470}.Debug|Any CPU.ActiveCfg = Debug|Any CPU
		{BD58B9C0-7542-4AA2-AD00-8B74D71AD470}.Debug|Any CPU.Build.0 = Debug|Any CPU
		{BD58B9C0-7542-4AA2-AD00-8B74D71AD470}.DebugLocal|Any CPU.ActiveCfg = Debug|Any CPU
		{BD58B9C0-7542-4AA2-AD00-8B74D71AD470}.DebugLocal|Any CPU.Build.0 = Debug|Any CPU
		{BD58B9C0-7542-4AA2-AD00-8B74D71AD470}.Release|Any CPU.ActiveCfg = Release|Any CPU
		{BD58B9C0-7542-4AA2-AD00-8B74D71AD470}.Release|Any CPU.Build.0 = Release|Any CPU
		{6D401695-13ED-4E7D-864C-BE6EA7B6D95C}.Debug|Any CPU.ActiveCfg = Debug
		{6D401695-13ED-4E7D-864C-BE6EA7B6D95C}.Debug|Any CPU.Build.0 = Debug
		{6D401695-13ED-4E7D-864C-BE6EA7B6D95C}.Debug|Any CPU.Deploy.0 = Debug
		{6D401695-13ED-4E7D-864C-BE6EA7B6D95C}.DebugLocal|Any CPU.ActiveCfg = DebugLocal
		{6D401695-13ED-4E7D-864C-BE6EA7B6D95C}.DebugLocal|Any CPU.Build.0 = DebugLocal
		{6D401695-13ED-4E7D-864C-BE6EA7B6D95C}.DebugLocal|Any CPU.Deploy.0 = DebugLocal
		{6D401695-13ED-4E7D-864C-BE6EA7B6D95C}.Release|Any CPU.ActiveCfg = Release
		{6D401695-13ED-4E7D-864C-BE6EA7B6D95C}.Release|Any CPU.Build.0 = Release
		{6D401695-13ED-4E7D-864C-BE6EA7B6D95C}.Release|Any CPU.Deploy.0 = Release
		{99151DD2-E275-431A-979C-729B2C143D2F}.Debug|Any CPU.ActiveCfg = Debug|Any CPU
		{99151DD2-E275-431A-979C-729B2C143D2F}.Debug|Any CPU.Build.0 = Debug|Any CPU
		{99151DD2-E275-431A-979C-729B2C143D2F}.DebugLocal|Any CPU.ActiveCfg = Debug|Any CPU
		{99151DD2-E275-431A-979C-729B2C143D2F}.DebugLocal|Any CPU.Build.0 = Debug|Any CPU
		{99151DD2-E275-431A-979C-729B2C143D2F}.Release|Any CPU.ActiveCfg = Release|Any CPU
		{99151DD2-E275-431A-979C-729B2C143D2F}.Release|Any CPU.Build.0 = Release|Any CPU
	EndGlobalSection
	GlobalSection(SolutionProperties) = preSolution
		HideSolutionNode = FALSE
	EndGlobalSection
EndGlobal
